// !$*UTF8*$!
{
	archiveVersion = 1;
	classes = {
	};
	objectVersion = 56;
	objects = {

/* Begin PBXBuildFile section */
		C4D108CC2C07120800CCB9D3 /* KSBStoryboard.storyboard in Resources */ = {isa = PBXBuildFile; fileRef = C4D108CB2C07120800CCB9D3 /* KSBStoryboard.storyboard */; };
		E5BDFD752C06F83600AE58B4 /* TeamOneCollectionViewCell.swift in Sources */ = {isa = PBXBuildFile; fileRef = E5BDFD732C06F83500AE58B4 /* TeamOneCollectionViewCell.swift */; };
		E5BDFD762C06F83600AE58B4 /* TeamOneList.swift in Sources */ = {isa = PBXBuildFile; fileRef = E5BDFD742C06F83600AE58B4 /* TeamOneList.swift */; };
		E76BB6592C0427FE00F166D1 /* AppDelegate.swift in Sources */ = {isa = PBXBuildFile; fileRef = E76BB6582C0427FE00F166D1 /* AppDelegate.swift */; };
		E76BB65B2C0427FE00F166D1 /* SceneDelegate.swift in Sources */ = {isa = PBXBuildFile; fileRef = E76BB65A2C0427FE00F166D1 /* SceneDelegate.swift */; };
		E76BB65D2C0427FE00F166D1 /* MainViewController.swift in Sources */ = {isa = PBXBuildFile; fileRef = E76BB65C2C0427FE00F166D1 /* MainViewController.swift */; };
		E76BB6602C0427FE00F166D1 /* Base in Resources */ = {isa = PBXBuildFile; fileRef = E76BB65F2C0427FE00F166D1 /* Base */; };
		E76BB6622C04280100F166D1 /* Assets.xcassets in Resources */ = {isa = PBXBuildFile; fileRef = E76BB6612C04280100F166D1 /* Assets.xcassets */; };
		E76BB66D2C04297A00F166D1 /* JSHStoryboard.storyboard in Resources */ = {isa = PBXBuildFile; fileRef = E76BB66C2C04297A00F166D1 /* JSHStoryboard.storyboard */; };
		E76BB66F2C04299400F166D1 /* IHJStoryboard.storyboard in Resources */ = {isa = PBXBuildFile; fileRef = E76BB66E2C04299400F166D1 /* IHJStoryboard.storyboard */; };
		E76BB6712C0429A200F166D1 /* KLIStoryboard.storyboard in Resources */ = {isa = PBXBuildFile; fileRef = E76BB6702C0429A200F166D1 /* KLIStoryboard.storyboard */; };
		E76BB6752C042B6100F166D1 /* KSBViewController.swift in Sources */ = {isa = PBXBuildFile; fileRef = E76BB6742C042B6100F166D1 /* KSBViewController.swift */; };
		E76BB6772C042B7B00F166D1 /* KLIViewController.swift in Sources */ = {isa = PBXBuildFile; fileRef = E76BB6762C042B7B00F166D1 /* KLIViewController.swift */; };
		E76BB6792C042B8600F166D1 /* JSHViewController.swift in Sources */ = {isa = PBXBuildFile; fileRef = E76BB6782C042B8600F166D1 /* JSHViewController.swift */; };
		E76BB67B2C042B9A00F166D1 /* IHJViewController.swift in Sources */ = {isa = PBXBuildFile; fileRef = E76BB67A2C042B9A00F166D1 /* IHJViewController.swift */; };
		E76BB67D2C042E5A00F166D1 /* KSHStoryboard.storyboard in Resources */ = {isa = PBXBuildFile; fileRef = E76BB67C2C042E5A00F166D1 /* KSHStoryboard.storyboard */; };
		E76BB67F2C042E6800F166D1 /* KSHViewController.swift in Sources */ = {isa = PBXBuildFile; fileRef = E76BB67E2C042E6800F166D1 /* KSHViewController.swift */; };
		E7E54FF12C05B36A00B4CD0C /* KSHSegController.swift in Sources */ = {isa = PBXBuildFile; fileRef = E7E54FF02C05B36A00B4CD0C /* KSHSegController.swift */; };
		E7E54FF32C05B39000B4CD0C /* KSHDexViewController.swift in Sources */ = {isa = PBXBuildFile; fileRef = E7E54FF22C05B39000B4CD0C /* KSHDexViewController.swift */; };
/* End PBXBuildFile section */

/* Begin PBXFileReference section */
		C4D108CB2C07120800CCB9D3 /* KSBStoryboard.storyboard */ = {isa = PBXFileReference; fileEncoding = 4; lastKnownFileType = file.storyboard; path = KSBStoryboard.storyboard; sourceTree = "<group>"; };
		E5BDFD732C06F83500AE58B4 /* TeamOneCollectionViewCell.swift */ = {isa = PBXFileReference; fileEncoding = 4; lastKnownFileType = sourcecode.swift; path = TeamOneCollectionViewCell.swift; sourceTree = "<group>"; };
		E5BDFD742C06F83600AE58B4 /* TeamOneList.swift */ = {isa = PBXFileReference; fileEncoding = 4; lastKnownFileType = sourcecode.swift; path = TeamOneList.swift; sourceTree = "<group>"; };
		E76BB6552C0427FE00F166D1 /* TeamOne.app */ = {isa = PBXFileReference; explicitFileType = wrapper.application; includeInIndex = 0; path = TeamOne.app; sourceTree = BUILT_PRODUCTS_DIR; };
		E76BB6582C0427FE00F166D1 /* AppDelegate.swift */ = {isa = PBXFileReference; lastKnownFileType = sourcecode.swift; path = AppDelegate.swift; sourceTree = "<group>"; };
		E76BB65A2C0427FE00F166D1 /* SceneDelegate.swift */ = {isa = PBXFileReference; lastKnownFileType = sourcecode.swift; path = SceneDelegate.swift; sourceTree = "<group>"; };
		E76BB65C2C0427FE00F166D1 /* MainViewController.swift */ = {isa = PBXFileReference; lastKnownFileType = sourcecode.swift; path = MainViewController.swift; sourceTree = "<group>"; };
		E76BB65F2C0427FE00F166D1 /* Base */ = {isa = PBXFileReference; lastKnownFileType = file.storyboard; name = Base; path = Base.lproj/Main.storyboard; sourceTree = "<group>"; };
		E76BB6612C04280100F166D1 /* Assets.xcassets */ = {isa = PBXFileReference; lastKnownFileType = folder.assetcatalog; path = Assets.xcassets; sourceTree = "<group>"; };
		E76BB6662C04280100F166D1 /* Info.plist */ = {isa = PBXFileReference; lastKnownFileType = text.plist.xml; path = Info.plist; sourceTree = "<group>"; };
		E76BB66C2C04297A00F166D1 /* JSHStoryboard.storyboard */ = {isa = PBXFileReference; lastKnownFileType = file.storyboard; path = JSHStoryboard.storyboard; sourceTree = "<group>"; };
		E76BB66E2C04299400F166D1 /* IHJStoryboard.storyboard */ = {isa = PBXFileReference; lastKnownFileType = file.storyboard; path = IHJStoryboard.storyboard; sourceTree = "<group>"; };
		E76BB6702C0429A200F166D1 /* KLIStoryboard.storyboard */ = {isa = PBXFileReference; lastKnownFileType = file.storyboard; path = KLIStoryboard.storyboard; sourceTree = "<group>"; };
		E76BB6742C042B6100F166D1 /* KSBViewController.swift */ = {isa = PBXFileReference; lastKnownFileType = sourcecode.swift; path = KSBViewController.swift; sourceTree = "<group>"; };
		E76BB6762C042B7B00F166D1 /* KLIViewController.swift */ = {isa = PBXFileReference; lastKnownFileType = sourcecode.swift; path = KLIViewController.swift; sourceTree = "<group>"; };
		E76BB6782C042B8600F166D1 /* JSHViewController.swift */ = {isa = PBXFileReference; lastKnownFileType = sourcecode.swift; path = JSHViewController.swift; sourceTree = "<group>"; };
		E76BB67A2C042B9A00F166D1 /* IHJViewController.swift */ = {isa = PBXFileReference; lastKnownFileType = sourcecode.swift; path = IHJViewController.swift; sourceTree = "<group>"; };
		E76BB67C2C042E5A00F166D1 /* KSHStoryboard.storyboard */ = {isa = PBXFileReference; lastKnownFileType = file.storyboard; path = KSHStoryboard.storyboard; sourceTree = "<group>"; };
		E76BB67E2C042E6800F166D1 /* KSHViewController.swift */ = {isa = PBXFileReference; lastKnownFileType = sourcecode.swift; path = KSHViewController.swift; sourceTree = "<group>"; };
		E7E54FF02C05B36A00B4CD0C /* KSHSegController.swift */ = {isa = PBXFileReference; lastKnownFileType = sourcecode.swift; path = KSHSegController.swift; sourceTree = "<group>"; };
		E7E54FF22C05B39000B4CD0C /* KSHDexViewController.swift */ = {isa = PBXFileReference; lastKnownFileType = sourcecode.swift; path = KSHDexViewController.swift; sourceTree = "<group>"; };
/* End PBXFileReference section */

/* Begin PBXFrameworksBuildPhase section */
		E76BB6522C0427FE00F166D1 /* Frameworks */ = {
			isa = PBXFrameworksBuildPhase;
			buildActionMask = 2147483647;
			files = (
			);
			runOnlyForDeploymentPostprocessing = 0;
		};
/* End PBXFrameworksBuildPhase section */

/* Begin PBXGroup section */
		E5B812DE2C0829B5001FEBB0 /* Model */ = {
			isa = PBXGroup;
			children = (
				E5BDFD732C06F83500AE58B4 /* TeamOneCollectionViewCell.swift */,
				E5BDFD742C06F83600AE58B4 /* TeamOneList.swift */,
			);
			path = Model;
			sourceTree = "<group>";
		};
		E5B812DF2C0829CE001FEBB0 /* Supports */ = {
			isa = PBXGroup;
			children = (
				E76BB6582C0427FE00F166D1 /* AppDelegate.swift */,
				E76BB65A2C0427FE00F166D1 /* SceneDelegate.swift */,
			);
			name = Supports;
			sourceTree = "<group>";
		};
		E76BB64C2C0427FE00F166D1 = {
			isa = PBXGroup;
			children = (
				E76BB6572C0427FE00F166D1 /* TeamOne */,
				E76BB6562C0427FE00F166D1 /* Products */,
			);
			sourceTree = "<group>";
		};
		E76BB6562C0427FE00F166D1 /* Products */ = {
			isa = PBXGroup;
			children = (
				E76BB6552C0427FE00F166D1 /* TeamOne.app */,
			);
			name = Products;
			sourceTree = "<group>";
		};
		E76BB6572C0427FE00F166D1 /* TeamOne */ = {
			isa = PBXGroup;
			children = (
				E7E54FEF2C05B2DC00B4CD0C /* KSH */,
				E76BB65E2C0427FE00F166D1 /* Main.storyboard */,
				E76BB65C2C0427FE00F166D1 /* MainViewController.swift */,
				E76BB6762C042B7B00F166D1 /* KLIViewController.swift */,
				E76BB6782C042B8600F166D1 /* JSHViewController.swift */,
				E76BB67A2C042B9A00F166D1 /* IHJViewController.swift */,
				E76BB6742C042B6100F166D1 /* KSBViewController.swift */,
				E76BB66C2C04297A00F166D1 /* JSHStoryboard.storyboard */,
				E76BB6702C0429A200F166D1 /* KLIStoryboard.storyboard */,
				E76BB66E2C04299400F166D1 /* IHJStoryboard.storyboard */,
				E76BB67C2C042E5A00F166D1 /* KSHStoryboard.storyboard */,
				C4D108CB2C07120800CCB9D3 /* KSBStoryboard.storyboard */,
				E76BB6612C04280100F166D1 /* Assets.xcassets */,
				E76BB6662C04280100F166D1 /* Info.plist */,
				E5B812DF2C0829CE001FEBB0 /* Supports */,
				E5B812DE2C0829B5001FEBB0 /* Model */,
			);
			path = TeamOne;
			sourceTree = "<group>";
		};
		E7E54FEF2C05B2DC00B4CD0C /* KSH */ = {
			isa = PBXGroup;
			children = (
				E76BB67E2C042E6800F166D1 /* KSHViewController.swift */,
				E7E54FF22C05B39000B4CD0C /* KSHDexViewController.swift */,
				E7E54FF02C05B36A00B4CD0C /* KSHSegController.swift */,
			);
			path = KSH;
			sourceTree = "<group>";
		};
/* End PBXGroup section */

/* Begin PBXNativeTarget section */
		E76BB6542C0427FE00F166D1 /* TeamOne */ = {
			isa = PBXNativeTarget;
			buildConfigurationList = E76BB6692C04280100F166D1 /* Build configuration list for PBXNativeTarget "TeamOne" */;
			buildPhases = (
				E76BB6512C0427FE00F166D1 /* Sources */,
				E76BB6522C0427FE00F166D1 /* Frameworks */,
				E76BB6532C0427FE00F166D1 /* Resources */,
			);
			buildRules = (
			);
			dependencies = (
			);
			name = TeamOne;
			productName = TeamOne;
			productReference = E76BB6552C0427FE00F166D1 /* TeamOne.app */;
			productType = "com.apple.product-type.application";
		};
/* End PBXNativeTarget section */

/* Begin PBXProject section */
		E76BB64D2C0427FE00F166D1 /* Project object */ = {
			isa = PBXProject;
			attributes = {
				BuildIndependentTargetsInParallel = 1;
				LastSwiftUpdateCheck = 1540;
				LastUpgradeCheck = 1540;
				TargetAttributes = {
					E76BB6542C0427FE00F166D1 = {
						CreatedOnToolsVersion = 15.4;
					};
				};
			};
			buildConfigurationList = E76BB6502C0427FE00F166D1 /* Build configuration list for PBXProject "TeamOne" */;
			compatibilityVersion = "Xcode 14.0";
			developmentRegion = en;
			hasScannedForEncodings = 0;
			knownRegions = (
				en,
				Base,
			);
			mainGroup = E76BB64C2C0427FE00F166D1;
			productRefGroup = E76BB6562C0427FE00F166D1 /* Products */;
			projectDirPath = "";
			projectRoot = "";
			targets = (
				E76BB6542C0427FE00F166D1 /* TeamOne */,
			);
		};
/* End PBXProject section */

/* Begin PBXResourcesBuildPhase section */
		E76BB6532C0427FE00F166D1 /* Resources */ = {
			isa = PBXResourcesBuildPhase;
			buildActionMask = 2147483647;
			files = (
				C4D108CC2C07120800CCB9D3 /* KSBStoryboard.storyboard in Resources */,
				E76BB6622C04280100F166D1 /* Assets.xcassets in Resources */,
				E76BB66F2C04299400F166D1 /* IHJStoryboard.storyboard in Resources */,
				E76BB66D2C04297A00F166D1 /* JSHStoryboard.storyboard in Resources */,
				E76BB6712C0429A200F166D1 /* KLIStoryboard.storyboard in Resources */,
				E76BB67D2C042E5A00F166D1 /* KSHStoryboard.storyboard in Resources */,
				E76BB6602C0427FE00F166D1 /* Base in Resources */,
			);
			runOnlyForDeploymentPostprocessing = 0;
		};
/* End PBXResourcesBuildPhase section */

/* Begin PBXSourcesBuildPhase section */
		E76BB6512C0427FE00F166D1 /* Sources */ = {
			isa = PBXSourcesBuildPhase;
			buildActionMask = 2147483647;
			files = (
				E76BB6792C042B8600F166D1 /* JSHViewController.swift in Sources */,
				E5BDFD762C06F83600AE58B4 /* TeamOneList.swift in Sources */,
				E76BB65D2C0427FE00F166D1 /* MainViewController.swift in Sources */,
				E76BB6772C042B7B00F166D1 /* KLIViewController.swift in Sources */,
				E5BDFD752C06F83600AE58B4 /* TeamOneCollectionViewCell.swift in Sources */,
				E7E54FF32C05B39000B4CD0C /* KSHDexViewController.swift in Sources */,
				E76BB67B2C042B9A00F166D1 /* IHJViewController.swift in Sources */,
				E76BB6752C042B6100F166D1 /* KSBViewController.swift in Sources */,
				E76BB6592C0427FE00F166D1 /* AppDelegate.swift in Sources */,
				E7E54FF12C05B36A00B4CD0C /* KSHSegController.swift in Sources */,
				E76BB65B2C0427FE00F166D1 /* SceneDelegate.swift in Sources */,
				E76BB67F2C042E6800F166D1 /* KSHViewController.swift in Sources */,
			);
			runOnlyForDeploymentPostprocessing = 0;
		};
/* End PBXSourcesBuildPhase section */

/* Begin PBXVariantGroup section */
		E76BB65E2C0427FE00F166D1 /* Main.storyboard */ = {
			isa = PBXVariantGroup;
			children = (
				E76BB65F2C0427FE00F166D1 /* Base */,
			);
			name = Main.storyboard;
			sourceTree = "<group>";
		};
/* End PBXVariantGroup section */

/* Begin XCBuildConfiguration section */
		E76BB6672C04280100F166D1 /* Debug */ = {
			isa = XCBuildConfiguration;
			buildSettings = {
				ALWAYS_SEARCH_USER_PATHS = NO;
				ASSETCATALOG_COMPILER_GENERATE_SWIFT_ASSET_SYMBOL_EXTENSIONS = YES;
				CLANG_ANALYZER_NONNULL = YES;
				CLANG_ANALYZER_NUMBER_OBJECT_CONVERSION = YES_AGGRESSIVE;
				CLANG_CXX_LANGUAGE_STANDARD = "gnu++20";
				CLANG_ENABLE_MODULES = YES;
				CLANG_ENABLE_OBJC_ARC = YES;
				CLANG_ENABLE_OBJC_WEAK = YES;
				CLANG_WARN_BLOCK_CAPTURE_AUTORELEASING = YES;
				CLANG_WARN_BOOL_CONVERSION = YES;
				CLANG_WARN_COMMA = YES;
				CLANG_WARN_CONSTANT_CONVERSION = YES;
				CLANG_WARN_DEPRECATED_OBJC_IMPLEMENTATIONS = YES;
				CLANG_WARN_DIRECT_OBJC_ISA_USAGE = YES_ERROR;
				CLANG_WARN_DOCUMENTATION_COMMENTS = YES;
				CLANG_WARN_EMPTY_BODY = YES;
				CLANG_WARN_ENUM_CONVERSION = YES;
				CLANG_WARN_INFINITE_RECURSION = YES;
				CLANG_WARN_INT_CONVERSION = YES;
				CLANG_WARN_NON_LITERAL_NULL_CONVERSION = YES;
				CLANG_WARN_OBJC_IMPLICIT_RETAIN_SELF = YES;
				CLANG_WARN_OBJC_LITERAL_CONVERSION = YES;
				CLANG_WARN_OBJC_ROOT_CLASS = YES_ERROR;
				CLANG_WARN_QUOTED_INCLUDE_IN_FRAMEWORK_HEADER = YES;
				CLANG_WARN_RANGE_LOOP_ANALYSIS = YES;
				CLANG_WARN_STRICT_PROTOTYPES = YES;
				CLANG_WARN_SUSPICIOUS_MOVE = YES;
				CLANG_WARN_UNGUARDED_AVAILABILITY = YES_AGGRESSIVE;
				CLANG_WARN_UNREACHABLE_CODE = YES;
				CLANG_WARN__DUPLICATE_METHOD_MATCH = YES;
				COPY_PHASE_STRIP = NO;
				DEBUG_INFORMATION_FORMAT = dwarf;
				ENABLE_STRICT_OBJC_MSGSEND = YES;
				ENABLE_TESTABILITY = YES;
				ENABLE_USER_SCRIPT_SANDBOXING = YES;
				GCC_C_LANGUAGE_STANDARD = gnu17;
				GCC_DYNAMIC_NO_PIC = NO;
				GCC_NO_COMMON_BLOCKS = YES;
				GCC_OPTIMIZATION_LEVEL = 0;
				GCC_PREPROCESSOR_DEFINITIONS = (
					"DEBUG=1",
					"$(inherited)",
				);
				GCC_WARN_64_TO_32_BIT_CONVERSION = YES;
				GCC_WARN_ABOUT_RETURN_TYPE = YES_ERROR;
				GCC_WARN_UNDECLARED_SELECTOR = YES;
				GCC_WARN_UNINITIALIZED_AUTOS = YES_AGGRESSIVE;
				GCC_WARN_UNUSED_FUNCTION = YES;
				GCC_WARN_UNUSED_VARIABLE = YES;
				IPHONEOS_DEPLOYMENT_TARGET = 16.6;
				LOCALIZATION_PREFERS_STRING_CATALOGS = YES;
				MTL_ENABLE_DEBUG_INFO = INCLUDE_SOURCE;
				MTL_FAST_MATH = YES;
				ONLY_ACTIVE_ARCH = YES;
				SDKROOT = iphoneos;
				SWIFT_ACTIVE_COMPILATION_CONDITIONS = "DEBUG $(inherited)";
				SWIFT_OPTIMIZATION_LEVEL = "-Onone";
			};
			name = Debug;
		};
		E76BB6682C04280100F166D1 /* Release */ = {
			isa = XCBuildConfiguration;
			buildSettings = {
				ALWAYS_SEARCH_USER_PATHS = NO;
				ASSETCATALOG_COMPILER_GENERATE_SWIFT_ASSET_SYMBOL_EXTENSIONS = YES;
				CLANG_ANALYZER_NONNULL = YES;
				CLANG_ANALYZER_NUMBER_OBJECT_CONVERSION = YES_AGGRESSIVE;
				CLANG_CXX_LANGUAGE_STANDARD = "gnu++20";
				CLANG_ENABLE_MODULES = YES;
				CLANG_ENABLE_OBJC_ARC = YES;
				CLANG_ENABLE_OBJC_WEAK = YES;
				CLANG_WARN_BLOCK_CAPTURE_AUTORELEASING = YES;
				CLANG_WARN_BOOL_CONVERSION = YES;
				CLANG_WARN_COMMA = YES;
				CLANG_WARN_CONSTANT_CONVERSION = YES;
				CLANG_WARN_DEPRECATED_OBJC_IMPLEMENTATIONS = YES;
				CLANG_WARN_DIRECT_OBJC_ISA_USAGE = YES_ERROR;
				CLANG_WARN_DOCUMENTATION_COMMENTS = YES;
				CLANG_WARN_EMPTY_BODY = YES;
				CLANG_WARN_ENUM_CONVERSION = YES;
				CLANG_WARN_INFINITE_RECURSION = YES;
				CLANG_WARN_INT_CONVERSION = YES;
				CLANG_WARN_NON_LITERAL_NULL_CONVERSION = YES;
				CLANG_WARN_OBJC_IMPLICIT_RETAIN_SELF = YES;
				CLANG_WARN_OBJC_LITERAL_CONVERSION = YES;
				CLANG_WARN_OBJC_ROOT_CLASS = YES_ERROR;
				CLANG_WARN_QUOTED_INCLUDE_IN_FRAMEWORK_HEADER = YES;
				CLANG_WARN_RANGE_LOOP_ANALYSIS = YES;
				CLANG_WARN_STRICT_PROTOTYPES = YES;
				CLANG_WARN_SUSPICIOUS_MOVE = YES;
				CLANG_WARN_UNGUARDED_AVAILABILITY = YES_AGGRESSIVE;
				CLANG_WARN_UNREACHABLE_CODE = YES;
				CLANG_WARN__DUPLICATE_METHOD_MATCH = YES;
				COPY_PHASE_STRIP = NO;
				DEBUG_INFORMATION_FORMAT = "dwarf-with-dsym";
				ENABLE_NS_ASSERTIONS = NO;
				ENABLE_STRICT_OBJC_MSGSEND = YES;
				ENABLE_USER_SCRIPT_SANDBOXING = YES;
				GCC_C_LANGUAGE_STANDARD = gnu17;
				GCC_NO_COMMON_BLOCKS = YES;
				GCC_WARN_64_TO_32_BIT_CONVERSION = YES;
				GCC_WARN_ABOUT_RETURN_TYPE = YES_ERROR;
				GCC_WARN_UNDECLARED_SELECTOR = YES;
				GCC_WARN_UNINITIALIZED_AUTOS = YES_AGGRESSIVE;
				GCC_WARN_UNUSED_FUNCTION = YES;
				GCC_WARN_UNUSED_VARIABLE = YES;
				IPHONEOS_DEPLOYMENT_TARGET = 16.6;
				LOCALIZATION_PREFERS_STRING_CATALOGS = YES;
				MTL_ENABLE_DEBUG_INFO = NO;
				MTL_FAST_MATH = YES;
				SDKROOT = iphoneos;
				SWIFT_COMPILATION_MODE = wholemodule;
				VALIDATE_PRODUCT = YES;
			};
			name = Release;
		};
		E76BB66A2C04280100F166D1 /* Debug */ = {
			isa = XCBuildConfiguration;
			buildSettings = {
				ASSETCATALOG_COMPILER_APPICON_NAME = AppIcon;
				ASSETCATALOG_COMPILER_GLOBAL_ACCENT_COLOR_NAME = AccentColor;
				CODE_SIGN_STYLE = Automatic;
				CURRENT_PROJECT_VERSION = 1;
				GENERATE_INFOPLIST_FILE = YES;
				INFOPLIST_FILE = TeamOne/Info.plist;
				INFOPLIST_KEY_UIApplicationSupportsIndirectInputEvents = YES;
				INFOPLIST_KEY_UILaunchStoryboardName = LaunchScreen;
				INFOPLIST_KEY_UIMainStoryboardFile = Main;
				INFOPLIST_KEY_UISupportedInterfaceOrientations_iPad = "UIInterfaceOrientationPortrait UIInterfaceOrientationPortraitUpsideDown UIInterfaceOrientationLandscapeLeft UIInterfaceOrientationLandscapeRight";
				INFOPLIST_KEY_UISupportedInterfaceOrientations_iPhone = "UIInterfaceOrientationPortrait UIInterfaceOrientationLandscapeLeft UIInterfaceOrientationLandscapeRight";
				LD_RUNPATH_SEARCH_PATHS = (
					"$(inherited)",
					"@executable_path/Frameworks",
				);
				MARKETING_VERSION = 1.0;
				PRODUCT_BUNDLE_IDENTIFIER = com.team1.TeamOne;
				PRODUCT_NAME = "$(TARGET_NAME)";
				SWIFT_EMIT_LOC_STRINGS = YES;
				SWIFT_VERSION = 5.0;
				TARGETED_DEVICE_FAMILY = "1,2";
			};
			name = Debug;
		};
		E76BB66B2C04280100F166D1 /* Release */ = {
			isa = XCBuildConfiguration;
			buildSettings = {
				ASSETCATALOG_COMPILER_APPICON_NAME = AppIcon;
				ASSETCATALOG_COMPILER_GLOBAL_ACCENT_COLOR_NAME = AccentColor;
				CODE_SIGN_STYLE = Automatic;
				CURRENT_PROJECT_VERSION = 1;
				GENERATE_INFOPLIST_FILE = YES;
				INFOPLIST_FILE = TeamOne/Info.plist;
				INFOPLIST_KEY_UIApplicationSupportsIndirectInputEvents = YES;
				INFOPLIST_KEY_UILaunchStoryboardName = LaunchScreen;
				INFOPLIST_KEY_UIMainStoryboardFile = Main;
				INFOPLIST_KEY_UISupportedInterfaceOrientations_iPad = "UIInterfaceOrientationPortrait UIInterfaceOrientationPortraitUpsideDown UIInterfaceOrientationLandscapeLeft UIInterfaceOrientationLandscapeRight";
				INFOPLIST_KEY_UISupportedInterfaceOrientations_iPhone = "UIInterfaceOrientationPortrait UIInterfaceOrientationLandscapeLeft UIInterfaceOrientationLandscapeRight";
				LD_RUNPATH_SEARCH_PATHS = (
					"$(inherited)",
					"@executable_path/Frameworks",
				);
				MARKETING_VERSION = 1.0;
				PRODUCT_BUNDLE_IDENTIFIER = com.team1.TeamOne;
				PRODUCT_NAME = "$(TARGET_NAME)";
				SWIFT_EMIT_LOC_STRINGS = YES;
				SWIFT_VERSION = 5.0;
				TARGETED_DEVICE_FAMILY = "1,2";
			};
			name = Release;
		};
/* End XCBuildConfiguration section */

/* Begin XCConfigurationList section */
		E76BB6502C0427FE00F166D1 /* Build configuration list for PBXProject "TeamOne" */ = {
			isa = XCConfigurationList;
			buildConfigurations = (
				E76BB6672C04280100F166D1 /* Debug */,
				E76BB6682C04280100F166D1 /* Release */,
			);
			defaultConfigurationIsVisible = 0;
			defaultConfigurationName = Release;
		};
		E76BB6692C04280100F166D1 /* Build configuration list for PBXNativeTarget "TeamOne" */ = {
			isa = XCConfigurationList;
			buildConfigurations = (
				E76BB66A2C04280100F166D1 /* Debug */,
				E76BB66B2C04280100F166D1 /* Release */,
			);
			defaultConfigurationIsVisible = 0;
			defaultConfigurationName = Release;
		};
/* End XCConfigurationList section */
	};
	rootObject = E76BB64D2C0427FE00F166D1 /* Project object */;
}
